// !$*UTF8*$!
{
	archiveVersion = 1;
	classes = {
	};
	objectVersion = 56;
	objects = {

/* Begin PBXBuildFile section */
		B5A41206D96F0A28E20209B5 /* Pods_HitTimeMovie.framework in Frameworks */ = {isa = PBXBuildFile; fileRef = D063F3D2BA48DECF9266C53F /* Pods_HitTimeMovie.framework */; };
		D5ECB8E52EB52A50007A4F28 /* FingerprintPro in Frameworks */ = {isa = PBXBuildFile; productRef = D5ECB8E42EB52A50007A4F28 /* FingerprintPro */; };
		D5ECB8E82EB52AF3007A4F28 /* FirebaseAnalytics in Frameworks */ = {isa = PBXBuildFile; productRef = D5ECB8E72EB52AF3007A4F28 /* FirebaseAnalytics */; };
		D5ECB8EA2EB52AF3007A4F28 /* FirebaseRemoteConfig in Frameworks */ = {isa = PBXBuildFile; productRef = D5ECB8E92EB52AF3007A4F28 /* FirebaseRemoteConfig */; };
		D5ECB8ED2EB52B67007A4F28 /* AdjustGoogleOdm in Frameworks */ = {isa = PBXBuildFile; productRef = D5ECB8EC2EB52B67007A4F28 /* AdjustGoogleOdm */; };
		D5ECB8EF2EB52B67007A4F28 /* AdjustSdk in Frameworks */ = {isa = PBXBuildFile; productRef = D5ECB8EE2EB52B67007A4F28 /* AdjustSdk */; };
		D5ECB8F12EB52B67007A4F28 /* AdjustWebBridge in Frameworks */ = {isa = PBXBuildFile; productRef = D5ECB8F02EB52B67007A4F28 /* AdjustWebBridge */; };
		D5ECB91F2EB52C3E007A4F28 /* A0.swift in Sources */ = {isa = PBXBuildFile; fileRef = D5ECB9112EB52C3E007A4F28 /* A0.swift */; };
		D5ECB9202EB52C3E007A4F28 /* AddMovieView.swift in Sources */ = {isa = PBXBuildFile; fileRef = D5ECB9122EB52C3E007A4F28 /* AddMovieView.swift */; };
		D5ECB9212EB52C3E007A4F28 /* AdManager.swift in Sources */ = {isa = PBXBuildFile; fileRef = D5ECB9132EB52C3E007A4F28 /* AdManager.swift */; };
		D5ECB9222EB52C3E007A4F28 /* ContentView.swift in Sources */ = {isa = PBXBuildFile; fileRef = D5ECB9152EB52C3E007A4F28 /* ContentView.swift */; };
		D5ECB9232EB52C3E007A4F28 /* HitTimeMovieApp.swift in Sources */ = {isa = PBXBuildFile; fileRef = D5ECB9162EB52C3E007A4F28 /* HitTimeMovieApp.swift */; };
		D5ECB9242EB52C3E007A4F28 /* K1.swift in Sources */ = {isa = PBXBuildFile; fileRef = D5ECB9172EB52C3E007A4F28 /* K1.swift */; };
		D5ECB9252EB52C3E007A4F28 /* M1.swift in Sources */ = {isa = PBXBuildFile; fileRef = D5ECB9182EB52C3E007A4F28 /* M1.swift */; };
		D5ECB9262EB52C3E007A4F28 /* MovieDetailView.swift in Sources */ = {isa = PBXBuildFile; fileRef = D5ECB9192EB52C3E007A4F28 /* MovieDetailView.swift */; };
		D5ECB9272EB52C3E007A4F28 /* MoviesView.swift in Sources */ = {isa = PBXBuildFile; fileRef = D5ECB91A2EB52C3E007A4F28 /* MoviesView.swift */; };
		D5ECB9282EB52C3E007A4F28 /* SettingsView.swift in Sources */ = {isa = PBXBuildFile; fileRef = D5ECB91B2EB52C3E007A4F28 /* SettingsView.swift */; };
		D5ECB9292EB52C3E007A4F28 /* TicketsView.swift in Sources */ = {isa = PBXBuildFile; fileRef = D5ECB91C2EB52C3E007A4F28 /* TicketsView.swift */; };
		D5ECB92A2EB52C3E007A4F28 /* UnityManager.swift in Sources */ = {isa = PBXBuildFile; fileRef = D5ECB91D2EB52C3E007A4F28 /* UnityManager.swift */; };
		D5ECB92B2EB52C3E007A4F28 /* Preview Assets.xcassets in Resources */ = {isa = PBXBuildFile; fileRef = D5ECB90F2EB52C3E007A4F28 /* Preview Assets.xcassets */; };
		D5ECB92C2EB52C3E007A4F28 /* Assets.xcassets in Resources */ = {isa = PBXBuildFile; fileRef = D5ECB9142EB52C3E007A4F28 /* Assets.xcassets */; };
		D5ECB92F2EB52FF0007A4F28 /* GoogleService-Info.plist in Resources */ = {isa = PBXBuildFile; fileRef = D5ECB92E2EB52FF0007A4F28 /* GoogleService-Info.plist */; };
		D5ECB9582EB53406007A4F28 /* AdSupport.framework in Frameworks */ = {isa = PBXBuildFile; fileRef = D5ECB9562EB53406007A4F28 /* AdSupport.framework */; };
		D5ECB9592EB53406007A4F28 /* AdServices.framework in Frameworks */ = {isa = PBXBuildFile; fileRef = D5ECB9572EB53406007A4F28 /* AdServices.framework */; };
		D5ECB95D2EB53416007A4F28 /* AppTrackingTransparency.framework in Frameworks */ = {isa = PBXBuildFile; fileRef = D5ECB95C2EB53416007A4F28 /* AppTrackingTransparency.framework */; };
/* End PBXBuildFile section */

/* Begin PBXFileReference section */
		9A9AC5EA2DEA5EA5C093AFB4 /* Pods-HitTimeMovie.debug.xcconfig */ = {isa = PBXFileReference; includeInIndex = 1; lastKnownFileType = text.xcconfig; name = "Pods-HitTimeMovie.debug.xcconfig"; path = "Target Support Files/Pods-HitTimeMovie/Pods-HitTimeMovie.debug.xcconfig"; sourceTree = "<group>"; };
		D063F3D2BA48DECF9266C53F /* Pods_HitTimeMovie.framework */ = {isa = PBXFileReference; explicitFileType = wrapper.framework; includeInIndex = 0; path = Pods_HitTimeMovie.framework; sourceTree = BUILT_PRODUCTS_DIR; };
		D51D523C2EB09B3B0004EB6D /* HitTimeMovie.app */ = {isa = PBXFileReference; explicitFileType = wrapper.application; includeInIndex = 0; path = HitTimeMovie.app; sourceTree = BUILT_PRODUCTS_DIR; };
		D5ECB90F2EB52C3E007A4F28 /* Preview Assets.xcassets */ = {isa = PBXFileReference; lastKnownFileType = folder.assetcatalog; path = "Preview Assets.xcassets"; sourceTree = "<group>"; };
		D5ECB9112EB52C3E007A4F28 /* A0.swift */ = {isa = PBXFileReference; lastKnownFileType = sourcecode.swift; path = A0.swift; sourceTree = "<group>"; };
		D5ECB9122EB52C3E007A4F28 /* AddMovieView.swift */ = {isa = PBXFileReference; lastKnownFileType = sourcecode.swift; path = AddMovieView.swift; sourceTree = "<group>"; };
		D5ECB9132EB52C3E007A4F28 /* AdManager.swift */ = {isa = PBXFileReference; lastKnownFileType = sourcecode.swift; path = AdManager.swift; sourceTree = "<group>"; };
		D5ECB9142EB52C3E007A4F28 /* Assets.xcassets */ = {isa = PBXFileReference; lastKnownFileType = folder.assetcatalog; path = Assets.xcassets; sourceTree = "<group>"; };
		D5ECB9152EB52C3E007A4F28 /* ContentView.swift */ = {isa = PBXFileReference; lastKnownFileType = sourcecode.swift; path = ContentView.swift; sourceTree = "<group>"; };
		D5ECB9162EB52C3E007A4F28 /* HitTimeMovieApp.swift */ = {isa = PBXFileReference; lastKnownFileType = sourcecode.swift; path = HitTimeMovieApp.swift; sourceTree = "<group>"; };
		D5ECB9172EB52C3E007A4F28 /* K1.swift */ = {isa = PBXFileReference; lastKnownFileType = sourcecode.swift; path = K1.swift; sourceTree = "<group>"; };
		D5ECB9182EB52C3E007A4F28 /* M1.swift */ = {isa = PBXFileReference; lastKnownFileType = sourcecode.swift; path = M1.swift; sourceTree = "<group>"; };
		D5ECB9192EB52C3E007A4F28 /* MovieDetailView.swift */ = {isa = PBXFileReference; lastKnownFileType = sourcecode.swift; path = MovieDetailView.swift; sourceTree = "<group>"; };
		D5ECB91A2EB52C3E007A4F28 /* MoviesView.swift */ = {isa = PBXFileReference; lastKnownFileType = sourcecode.swift; path = MoviesView.swift; sourceTree = "<group>"; };
		D5ECB91B2EB52C3E007A4F28 /* SettingsView.swift */ = {isa = PBXFileReference; lastKnownFileType = sourcecode.swift; path = SettingsView.swift; sourceTree = "<group>"; };
		D5ECB91C2EB52C3E007A4F28 /* TicketsView.swift */ = {isa = PBXFileReference; lastKnownFileType = sourcecode.swift; path = TicketsView.swift; sourceTree = "<group>"; };
		D5ECB91D2EB52C3E007A4F28 /* UnityManager.swift */ = {isa = PBXFileReference; lastKnownFileType = sourcecode.swift; path = UnityManager.swift; sourceTree = "<group>"; };
		D5ECB92D2EB52DB1007A4F28 /* Info.plist */ = {isa = PBXFileReference; lastKnownFileType = text.plist; path = Info.plist; sourceTree = "<group>"; };
		D5ECB92E2EB52FF0007A4F28 /* GoogleService-Info.plist */ = {isa = PBXFileReference; lastKnownFileType = text.plist.xml; path = "GoogleService-Info.plist"; sourceTree = "<group>"; };
		D5ECB9562EB53406007A4F28 /* AdSupport.framework */ = {isa = PBXFileReference; lastKnownFileType = wrapper.framework; name = AdSupport.framework; path = System/Library/Frameworks/AdSupport.framework; sourceTree = SDKROOT; };
		D5ECB9572EB53406007A4F28 /* AdServices.framework */ = {isa = PBXFileReference; lastKnownFileType = wrapper.framework; name = AdServices.framework; path = System/Library/Frameworks/AdServices.framework; sourceTree = SDKROOT; };
		D5ECB95C2EB53416007A4F28 /* AppTrackingTransparency.framework */ = {isa = PBXFileReference; lastKnownFileType = wrapper.framework; name = AppTrackingTransparency.framework; path = System/Library/Frameworks/AppTrackingTransparency.framework; sourceTree = SDKROOT; };
		F4573048A10144D8B6A9A6F6 /* Pods-HitTimeMovie.release.xcconfig */ = {isa = PBXFileReference; includeInIndex = 1; lastKnownFileType = text.xcconfig; name = "Pods-HitTimeMovie.release.xcconfig"; path = "Target Support Files/Pods-HitTimeMovie/Pods-HitTimeMovie.release.xcconfig"; sourceTree = "<group>"; };
/* End PBXFileReference section */

/* Begin PBXFrameworksBuildPhase section */
		D51D52392EB09B3B0004EB6D /* Frameworks */ = {
			isa = PBXFrameworksBuildPhase;
			buildActionMask = 2147483647;
			files = (
				D5ECB8EA2EB52AF3007A4F28 /* FirebaseRemoteConfig in Frameworks */,
				D5ECB9582EB53406007A4F28 /* AdSupport.framework in Frameworks */,
				D5ECB95D2EB53416007A4F28 /* AppTrackingTransparency.framework in Frameworks */,
				D5ECB8E82EB52AF3007A4F28 /* FirebaseAnalytics in Frameworks */,
				D5ECB8E52EB52A50007A4F28 /* FingerprintPro in Frameworks */,
				D5ECB8F12EB52B67007A4F28 /* AdjustWebBridge in Frameworks */,
				D5ECB8EF2EB52B67007A4F28 /* AdjustSdk in Frameworks */,
				D5ECB8ED2EB52B67007A4F28 /* AdjustGoogleOdm in Frameworks */,
				B5A41206D96F0A28E20209B5 /* Pods_HitTimeMovie.framework in Frameworks */,
				D5ECB9592EB53406007A4F28 /* AdServices.framework in Frameworks */,
			);
			runOnlyForDeploymentPostprocessing = 0;
		};
/* End PBXFrameworksBuildPhase section */

/* Begin PBXGroup section */
		16438C497AE54F0A05B5485E /* Frameworks */ = {
			isa = PBXGroup;
			children = (
				D5ECB95C2EB53416007A4F28 /* AppTrackingTransparency.framework */,
				D5ECB9572EB53406007A4F28 /* AdServices.framework */,
				D5ECB9562EB53406007A4F28 /* AdSupport.framework */,
				D063F3D2BA48DECF9266C53F /* Pods_HitTimeMovie.framework */,
			);
			name = Frameworks;
			sourceTree = "<group>";
		};
		8FA5DB02198BA20940B13A82 /* Pods */ = {
			isa = PBXGroup;
			children = (
				9A9AC5EA2DEA5EA5C093AFB4 /* Pods-HitTimeMovie.debug.xcconfig */,
				F4573048A10144D8B6A9A6F6 /* Pods-HitTimeMovie.release.xcconfig */,
			);
			path = Pods;
			sourceTree = "<group>";
		};
		D51D52332EB09B3B0004EB6D = {
			isa = PBXGroup;
			children = (
				D5ECB91E2EB52C3E007A4F28 /* HitTimeMovie */,
				D51D523D2EB09B3B0004EB6D /* Products */,
				8FA5DB02198BA20940B13A82 /* Pods */,
				16438C497AE54F0A05B5485E /* Frameworks */,
			);
			sourceTree = "<group>";
		};
		D51D523D2EB09B3B0004EB6D /* Products */ = {
			isa = PBXGroup;
			children = (
				D51D523C2EB09B3B0004EB6D /* HitTimeMovie.app */,
			);
			name = Products;
			sourceTree = "<group>";
		};
		D5ECB9102EB52C3E007A4F28 /* Preview Content */ = {
			isa = PBXGroup;
			children = (
				D5ECB90F2EB52C3E007A4F28 /* Preview Assets.xcassets */,
			);
			path = "Preview Content";
			sourceTree = "<group>";
		};
		D5ECB91E2EB52C3E007A4F28 /* HitTimeMovie */ = {
			isa = PBXGroup;
			children = (
				D5ECB92D2EB52DB1007A4F28 /* Info.plist */,
				D5ECB92E2EB52FF0007A4F28 /* GoogleService-Info.plist */,
				D5ECB9102EB52C3E007A4F28 /* Preview Content */,
				D5ECB9112EB52C3E007A4F28 /* A0.swift */,
				D5ECB9122EB52C3E007A4F28 /* AddMovieView.swift */,
				D5ECB9132EB52C3E007A4F28 /* AdManager.swift */,
				D5ECB9142EB52C3E007A4F28 /* Assets.xcassets */,
				D5ECB9152EB52C3E007A4F28 /* ContentView.swift */,
				D5ECB9162EB52C3E007A4F28 /* HitTimeMovieApp.swift */,
				D5ECB9172EB52C3E007A4F28 /* K1.swift */,
				D5ECB9182EB52C3E007A4F28 /* M1.swift */,
				D5ECB9192EB52C3E007A4F28 /* MovieDetailView.swift */,
				D5ECB91A2EB52C3E007A4F28 /* MoviesView.swift */,
				D5ECB91B2EB52C3E007A4F28 /* SettingsView.swift */,
				D5ECB91C2EB52C3E007A4F28 /* TicketsView.swift */,
				D5ECB91D2EB52C3E007A4F28 /* UnityManager.swift */,
			);
			path = HitTimeMovie;
			sourceTree = "<group>";
		};
/* End PBXGroup section */

/* Begin PBXNativeTarget section */
		D51D523B2EB09B3B0004EB6D /* HitTimeMovie */ = {
			isa = PBXNativeTarget;
			buildConfigurationList = D51D524A2EB09B3D0004EB6D /* Build configuration list for PBXNativeTarget "HitTimeMovie" */;
			buildPhases = (
				5754D154840739C476E7CDD8 /* [CP] Check Pods Manifest.lock */,
				D51D52382EB09B3B0004EB6D /* Sources */,
				D51D52392EB09B3B0004EB6D /* Frameworks */,
				D51D523A2EB09B3B0004EB6D /* Resources */,
				059AD1085F72E7794E377559 /* [CP] Copy Pods Resources */,
			);
			buildRules = (
			);
			dependencies = (
			);
			name = HitTimeMovie;
			packageProductDependencies = (
				D5ECB8E42EB52A50007A4F28 /* FingerprintPro */,
				D5ECB8E72EB52AF3007A4F28 /* FirebaseAnalytics */,
				D5ECB8E92EB52AF3007A4F28 /* FirebaseRemoteConfig */,
				D5ECB8EC2EB52B67007A4F28 /* AdjustGoogleOdm */,
				D5ECB8EE2EB52B67007A4F28 /* AdjustSdk */,
				D5ECB8F02EB52B67007A4F28 /* AdjustWebBridge */,
			);
			productName = HitTimeMovie;
			productReference = D51D523C2EB09B3B0004EB6D /* HitTimeMovie.app */;
			productType = "com.apple.product-type.application";
		};
/* End PBXNativeTarget section */

/* Begin PBXProject section */
		D51D52342EB09B3B0004EB6D /* Project object */ = {
			isa = PBXProject;
			attributes = {
				BuildIndependentTargetsInParallel = 1;
				LastSwiftUpdateCheck = 1620;
				LastUpgradeCheck = 1620;
				TargetAttributes = {
					D51D523B2EB09B3B0004EB6D = {
						CreatedOnToolsVersion = 16.2;
					};
				};
			};
			buildConfigurationList = D51D52372EB09B3B0004EB6D /* Build configuration list for PBXProject "HitTimeMovie" */;
			compatibilityVersion = "Xcode 14.0";
			developmentRegion = en;
			hasScannedForEncodings = 0;
			knownRegions = (
				en,
				Base,
			);
			mainGroup = D51D52332EB09B3B0004EB6D;
			packageReferences = (
				D5ECB8E32EB52A50007A4F28 /* XCRemoteSwiftPackageReference "fingerprintjs-pro-ios" */,
				D5ECB8E62EB52AF3007A4F28 /* XCRemoteSwiftPackageReference "firebase-ios-sdk" */,
				D5ECB8EB2EB52B67007A4F28 /* XCRemoteSwiftPackageReference "ios_sdk" */,
			);
			productRefGroup = D51D523D2EB09B3B0004EB6D /* Products */;
			projectDirPath = "";
			projectRoot = "";
			targets = (
				D51D523B2EB09B3B0004EB6D /* HitTimeMovie */,
			);
		};
/* End PBXProject section */

/* Begin PBXResourcesBuildPhase section */
		D51D523A2EB09B3B0004EB6D /* Resources */ = {
			isa = PBXResourcesBuildPhase;
			buildActionMask = 2147483647;
			files = (
				D5ECB92B2EB52C3E007A4F28 /* Preview Assets.xcassets in Resources */,
				D5ECB92C2EB52C3E007A4F28 /* Assets.xcassets in Resources */,
				D5ECB92F2EB52FF0007A4F28 /* GoogleService-Info.plist in Resources */,
			);
			runOnlyForDeploymentPostprocessing = 0;
		};
/* End PBXResourcesBuildPhase section */

/* Begin PBXShellScriptBuildPhase section */
		059AD1085F72E7794E377559 /* [CP] Copy Pods Resources */ = {
			isa = PBXShellScriptBuildPhase;
			buildActionMask = 2147483647;
			files = (
			);
			inputFileListPaths = (
				"${PODS_ROOT}/Target Support Files/Pods-HitTimeMovie/Pods-HitTimeMovie-resources-${CONFIGURATION}-input-files.xcfilelist",
			);
			name = "[CP] Copy Pods Resources";
			outputFileListPaths = (
				"${PODS_ROOT}/Target Support Files/Pods-HitTimeMovie/Pods-HitTimeMovie-resources-${CONFIGURATION}-output-files.xcfilelist",
			);
			runOnlyForDeploymentPostprocessing = 0;
			shellPath = /bin/sh;
			shellScript = "\"${PODS_ROOT}/Target Support Files/Pods-HitTimeMovie/Pods-HitTimeMovie-resources.sh\"\n";
			showEnvVarsInLog = 0;
		};
		5754D154840739C476E7CDD8 /* [CP] Check Pods Manifest.lock */ = {
			isa = PBXShellScriptBuildPhase;
			buildActionMask = 2147483647;
			files = (
			);
			inputFileListPaths = (
			);
			inputPaths = (
				"${PODS_PODFILE_DIR_PATH}/Podfile.lock",
				"${PODS_ROOT}/Manifest.lock",
			);
			name = "[CP] Check Pods Manifest.lock";
			outputFileListPaths = (
			);
			outputPaths = (
				"$(DERIVED_FILE_DIR)/Pods-HitTimeMovie-checkManifestLockResult.txt",
			);
			runOnlyForDeploymentPostprocessing = 0;
			shellPath = /bin/sh;
			shellScript = "diff \"${PODS_PODFILE_DIR_PATH}/Podfile.lock\" \"${PODS_ROOT}/Manifest.lock\" > /dev/null\nif [ $? != 0 ] ; then\n    # print error to STDERR\n    echo \"error: The sandbox is not in sync with the Podfile.lock. Run 'pod install' or update your CocoaPods installation.\" >&2\n    exit 1\nfi\n# This output is used by Xcode 'outputs' to avoid re-running this script phase.\necho \"SUCCESS\" > \"${SCRIPT_OUTPUT_FILE_0}\"\n";
			showEnvVarsInLog = 0;
		};
/* End PBXShellScriptBuildPhase section */

/* Begin PBXSourcesBuildPhase section */
		D51D52382EB09B3B0004EB6D /* Sources */ = {
			isa = PBXSourcesBuildPhase;
			buildActionMask = 2147483647;
			files = (
				D5ECB91F2EB52C3E007A4F28 /* A0.swift in Sources */,
				D5ECB9202EB52C3E007A4F28 /* AddMovieView.swift in Sources */,
				D5ECB9212EB52C3E007A4F28 /* AdManager.swift in Sources */,
				D5ECB9222EB52C3E007A4F28 /* ContentView.swift in Sources */,
				D5ECB9232EB52C3E007A4F28 /* HitTimeMovieApp.swift in Sources */,
				D5ECB9242EB52C3E007A4F28 /* K1.swift in Sources */,
				D5ECB9252EB52C3E007A4F28 /* M1.swift in Sources */,
				D5ECB9262EB52C3E007A4F28 /* MovieDetailView.swift in Sources */,
				D5ECB9272EB52C3E007A4F28 /* MoviesView.swift in Sources */,
				D5ECB9282EB52C3E007A4F28 /* SettingsView.swift in Sources */,
				D5ECB9292EB52C3E007A4F28 /* TicketsView.swift in Sources */,
				D5ECB92A2EB52C3E007A4F28 /* UnityManager.swift in Sources */,
			);
			runOnlyForDeploymentPostprocessing = 0;
		};
/* End PBXSourcesBuildPhase section */

/* Begin XCBuildConfiguration section */
		D51D52482EB09B3D0004EB6D /* Debug */ = {
			isa = XCBuildConfiguration;
			buildSettings = {
				ALWAYS_SEARCH_USER_PATHS = NO;
				ASSETCATALOG_COMPILER_GENERATE_SWIFT_ASSET_SYMBOL_EXTENSIONS = YES;
				CLANG_ANALYZER_NONNULL = YES;
				CLANG_ANALYZER_NUMBER_OBJECT_CONVERSION = YES_AGGRESSIVE;
				CLANG_CXX_LANGUAGE_STANDARD = "gnu++20";
				CLANG_ENABLE_MODULES = YES;
				CLANG_ENABLE_OBJC_ARC = YES;
				CLANG_ENABLE_OBJC_WEAK = YES;
				CLANG_WARN_BLOCK_CAPTURE_AUTORELEASING = YES;
				CLANG_WARN_BOOL_CONVERSION = YES;
				CLANG_WARN_COMMA = YES;
				CLANG_WARN_CONSTANT_CONVERSION = YES;
				CLANG_WARN_DEPRECATED_OBJC_IMPLEMENTATIONS = YES;
				CLANG_WARN_DIRECT_OBJC_ISA_USAGE = YES_ERROR;
				CLANG_WARN_DOCUMENTATION_COMMENTS = YES;
				CLANG_WARN_EMPTY_BODY = YES;
				CLANG_WARN_ENUM_CONVERSION = YES;
				CLANG_WARN_INFINITE_RECURSION = YES;
				CLANG_WARN_INT_CONVERSION = YES;
				CLANG_WARN_NON_LITERAL_NULL_CONVERSION = YES;
				CLANG_WARN_OBJC_IMPLICIT_RETAIN_SELF = YES;
				CLANG_WARN_OBJC_LITERAL_CONVERSION = YES;
				CLANG_WARN_OBJC_ROOT_CLASS = YES_ERROR;
				CLANG_WARN_QUOTED_INCLUDE_IN_FRAMEWORK_HEADER = YES;
				CLANG_WARN_RANGE_LOOP_ANALYSIS = YES;
				CLANG_WARN_STRICT_PROTOTYPES = YES;
				CLANG_WARN_SUSPICIOUS_MOVE = YES;
				CLANG_WARN_UNGUARDED_AVAILABILITY = YES_AGGRESSIVE;
				CLANG_WARN_UNREACHABLE_CODE = YES;
				CLANG_WARN__DUPLICATE_METHOD_MATCH = YES;
				COPY_PHASE_STRIP = NO;
				DEBUG_INFORMATION_FORMAT = dwarf;
				ENABLE_STRICT_OBJC_MSGSEND = YES;
				ENABLE_TESTABILITY = YES;
				ENABLE_USER_SCRIPT_SANDBOXING = NO;
				GCC_C_LANGUAGE_STANDARD = gnu17;
				GCC_DYNAMIC_NO_PIC = NO;
				GCC_NO_COMMON_BLOCKS = YES;
				GCC_OPTIMIZATION_LEVEL = 0;
				GCC_PREPROCESSOR_DEFINITIONS = (
					"DEBUG=1",
					"$(inherited)",
				);
				GCC_WARN_64_TO_32_BIT_CONVERSION = YES;
				GCC_WARN_ABOUT_RETURN_TYPE = YES_ERROR;
				GCC_WARN_UNDECLARED_SELECTOR = YES;
				GCC_WARN_UNINITIALIZED_AUTOS = YES_AGGRESSIVE;
				GCC_WARN_UNUSED_FUNCTION = YES;
				GCC_WARN_UNUSED_VARIABLE = YES;
				IPHONEOS_DEPLOYMENT_TARGET = 18.2;
				LOCALIZATION_PREFERS_STRING_CATALOGS = YES;
				MTL_ENABLE_DEBUG_INFO = INCLUDE_SOURCE;
				MTL_FAST_MATH = YES;
				ONLY_ACTIVE_ARCH = YES;
				SDKROOT = iphoneos;
				SWIFT_ACTIVE_COMPILATION_CONDITIONS = "DEBUG $(inherited)";
				SWIFT_OPTIMIZATION_LEVEL = "-Onone";
			};
			name = Debug;
		};
		D51D52492EB09B3D0004EB6D /* Release */ = {
			isa = XCBuildConfiguration;
			buildSettings = {
				ALWAYS_SEARCH_USER_PATHS = NO;
				ASSETCATALOG_COMPILER_GENERATE_SWIFT_ASSET_SYMBOL_EXTENSIONS = YES;
				CLANG_ANALYZER_NONNULL = YES;
				CLANG_ANALYZER_NUMBER_OBJECT_CONVERSION = YES_AGGRESSIVE;
				CLANG_CXX_LANGUAGE_STANDARD = "gnu++20";
				CLANG_ENABLE_MODULES = YES;
				CLANG_ENABLE_OBJC_ARC = YES;
				CLANG_ENABLE_OBJC_WEAK = YES;
				CLANG_WARN_BLOCK_CAPTURE_AUTORELEASING = YES;
				CLANG_WARN_BOOL_CONVERSION = YES;
				CLANG_WARN_COMMA = YES;
				CLANG_WARN_CONSTANT_CONVERSION = YES;
				CLANG_WARN_DEPRECATED_OBJC_IMPLEMENTATIONS = YES;
				CLANG_WARN_DIRECT_OBJC_ISA_USAGE = YES_ERROR;
				CLANG_WARN_DOCUMENTATION_COMMENTS = YES;
				CLANG_WARN_EMPTY_BODY = YES;
				CLANG_WARN_ENUM_CONVERSION = YES;
				CLANG_WARN_INFINITE_RECURSION = YES;
				CLANG_WARN_INT_CONVERSION = YES;
				CLANG_WARN_NON_LITERAL_NULL_CONVERSION = YES;
				CLANG_WARN_OBJC_IMPLICIT_RETAIN_SELF = YES;
				CLANG_WARN_OBJC_LITERAL_CONVERSION = YES;
				CLANG_WARN_OBJC_ROOT_CLASS = YES_ERROR;
				CLANG_WARN_QUOTED_INCLUDE_IN_FRAMEWORK_HEADER = YES;
				CLANG_WARN_RANGE_LOOP_ANALYSIS = YES;
				CLANG_WARN_STRICT_PROTOTYPES = YES;
				CLANG_WARN_SUSPICIOUS_MOVE = YES;
				CLANG_WARN_UNGUARDED_AVAILABILITY = YES_AGGRESSIVE;
				CLANG_WARN_UNREACHABLE_CODE = YES;
				CLANG_WARN__DUPLICATE_METHOD_MATCH = YES;
				COPY_PHASE_STRIP = NO;
				DEBUG_INFORMATION_FORMAT = "dwarf-with-dsym";
				ENABLE_NS_ASSERTIONS = NO;
				ENABLE_STRICT_OBJC_MSGSEND = YES;
				ENABLE_USER_SCRIPT_SANDBOXING = NO;
				GCC_C_LANGUAGE_STANDARD = gnu17;
				GCC_NO_COMMON_BLOCKS = YES;
				GCC_WARN_64_TO_32_BIT_CONVERSION = YES;
				GCC_WARN_ABOUT_RETURN_TYPE = YES_ERROR;
				GCC_WARN_UNDECLARED_SELECTOR = YES;
				GCC_WARN_UNINITIALIZED_AUTOS = YES_AGGRESSIVE;
				GCC_WARN_UNUSED_FUNCTION = YES;
				GCC_WARN_UNUSED_VARIABLE = YES;
				IPHONEOS_DEPLOYMENT_TARGET = 18.2;
				LOCALIZATION_PREFERS_STRING_CATALOGS = YES;
				MTL_ENABLE_DEBUG_INFO = NO;
				MTL_FAST_MATH = YES;
				SDKROOT = iphoneos;
				SWIFT_COMPILATION_MODE = wholemodule;
				VALIDATE_PRODUCT = YES;
			};
			name = Release;
		};
		D51D524B2EB09B3D0004EB6D /* Debug */ = {
			isa = XCBuildConfiguration;
			baseConfigurationReference = 9A9AC5EA2DEA5EA5C093AFB4 /* Pods-HitTimeMovie.debug.xcconfig */;
			buildSettings = {
				ASSETCATALOG_COMPILER_APPICON_NAME = AppIcon;
				ASSETCATALOG_COMPILER_GLOBAL_ACCENT_COLOR_NAME = AccentColor;
				CODE_SIGN_STYLE = Automatic;
				CURRENT_PROJECT_VERSION = 1;
				DEVELOPMENT_ASSET_PATHS = "\"HitTimeMovie/Preview Content\"";
				DEVELOPMENT_TEAM = DJM47H9BMS;
				ENABLE_PREVIEWS = YES;
				GENERATE_INFOPLIST_FILE = YES;
				INFOPLIST_FILE = HitTimeMovie/Info.plist;
				INFOPLIST_KEY_CFBundleDisplayName = "Hit Time Movie";
				INFOPLIST_KEY_NSUserTrackingUsageDescription = "This app uses your data to provide personalized ads that are more relevant to you. Your information will not be used for any other purposes.";
				INFOPLIST_KEY_UIApplicationSceneManifest_Generation = YES;
				INFOPLIST_KEY_UIApplicationSupportsIndirectInputEvents = YES;
				INFOPLIST_KEY_UILaunchScreen_Generation = YES;
				INFOPLIST_KEY_UISupportedInterfaceOrientations_iPad = "UIInterfaceOrientationPortrait UIInterfaceOrientationPortraitUpsideDown UIInterfaceOrientationLandscapeLeft UIInterfaceOrientationLandscapeRight";
				INFOPLIST_KEY_UISupportedInterfaceOrientations_iPhone = "UIInterfaceOrientationPortrait UIInterfaceOrientationLandscapeLeft UIInterfaceOrientationLandscapeRight";
				IPHONEOS_DEPLOYMENT_TARGET = 16.0;
				LD_RUNPATH_SEARCH_PATHS = (
					"$(inherited)",
					"@executable_path/Frameworks",
				);
				MARKETING_VERSION = 1.1;
				PRODUCT_BUNDLE_IDENTIFIER = com.shu.hittimemovie;
				PRODUCT_NAME = "$(TARGET_NAME)";
				SUPPORTED_PLATFORMS = "iphoneos iphonesimulator";
				SUPPORTS_MACCATALYST = NO;
				SWIFT_EMIT_LOC_STRINGS = YES;
				SWIFT_VERSION = 5.0;
				TARGETED_DEVICE_FAMILY = 1;
			};
			name = Debug;
		};
		D51D524C2EB09B3D0004EB6D /* Release */ = {
			isa = XCBuildConfiguration;
			baseConfigurationReference = F4573048A10144D8B6A9A6F6 /* Pods-HitTimeMovie.release.xcconfig */;
			buildSettings = {
				ASSETCATALOG_COMPILER_APPICON_NAME = AppIcon;
				ASSETCATALOG_COMPILER_GLOBAL_ACCENT_COLOR_NAME = AccentColor;
				CODE_SIGN_STYLE = Automatic;
				CURRENT_PROJECT_VERSION = 1;
				DEVELOPMENT_ASSET_PATHS = "\"HitTimeMovie/Preview Content\"";
				DEVELOPMENT_TEAM = DJM47H9BMS;
				ENABLE_PREVIEWS = YES;
				GENERATE_INFOPLIST_FILE = YES;
				INFOPLIST_FILE = HitTimeMovie/Info.plist;
				INFOPLIST_KEY_CFBundleDisplayName = "Hit Time Movie";
				INFOPLIST_KEY_NSUserTrackingUsageDescription = "This app uses your data to provide personalized ads that are more relevant to you. Your information will not be used for any other purposes.";
				INFOPLIST_KEY_UIApplicationSceneManifest_Generation = YES;
				INFOPLIST_KEY_UIApplicationSupportsIndirectInputEvents = YES;
				INFOPLIST_KEY_UILaunchScreen_Generation = YES;
				INFOPLIST_KEY_UISupportedInterfaceOrientations_iPad = "UIInterfaceOrientationPortrait UIInterfaceOrientationPortraitUpsideDown UIInterfaceOrientationLandscapeLeft UIInterfaceOrientationLandscapeRight";
				INFOPLIST_KEY_UISupportedInterfaceOrientations_iPhone = "UIInterfaceOrientationPortrait UIInterfaceOrientationLandscapeLeft UIInterfaceOrientationLandscapeRight";
				IPHONEOS_DEPLOYMENT_TARGET = 16.0;
				LD_RUNPATH_SEARCH_PATHS = (
					"$(inherited)",
					"@executable_path/Frameworks",
				);
				MARKETING_VERSION = 1.1;
				PRODUCT_BUNDLE_IDENTIFIER = com.shu.hittimemovie;
				PRODUCT_NAME = "$(TARGET_NAME)";
				SUPPORTED_PLATFORMS = "iphoneos iphonesimulator";
				SUPPORTS_MACCATALYST = NO;
				SWIFT_EMIT_LOC_STRINGS = YES;
				SWIFT_VERSION = 5.0;
				TARGETED_DEVICE_FAMILY = 1;
			};
			name = Release;
		};
/* End XCBuildConfiguration section */

/* Begin XCConfigurationList section */
		D51D52372EB09B3B0004EB6D /* Build configuration list for PBXProject "HitTimeMovie" */ = {
			isa = XCConfigurationList;
			buildConfigurations = (
				D51D52482EB09B3D0004EB6D /* Debug */,
				D51D52492EB09B3D0004EB6D /* Release */,
			);
			defaultConfigurationIsVisible = 0;
			defaultConfigurationName = Release;
		};
		D51D524A2EB09B3D0004EB6D /* Build configuration list for PBXNativeTarget "HitTimeMovie" */ = {
			isa = XCConfigurationList;
			buildConfigurations = (
				D51D524B2EB09B3D0004EB6D /* Debug */,
				D51D524C2EB09B3D0004EB6D /* Release */,
			);
			defaultConfigurationIsVisible = 0;
			defaultConfigurationName = Release;
		};
/* End XCConfigurationList section */

/* Begin XCRemoteSwiftPackageReference section */
		D5ECB8E32EB52A50007A4F28 /* XCRemoteSwiftPackageReference "fingerprintjs-pro-ios" */ = {
			isa = XCRemoteSwiftPackageReference;
			repositoryURL = "https://github.com/fingerprintjs/fingerprintjs-pro-ios";
			requirement = {
				kind = upToNextMajorVersion;
				minimumVersion = 2.11.0;
			};
		};
		D5ECB8E62EB52AF3007A4F28 /* XCRemoteSwiftPackageReference "firebase-ios-sdk" */ = {
			isa = XCRemoteSwiftPackageReference;
			repositoryURL = "https://github.com/firebase/firebase-ios-sdk.git";
			requirement = {
				kind = upToNextMajorVersion;
				minimumVersion = 12.5.0;
			};
		};
		D5ECB8EB2EB52B67007A4F28 /* XCRemoteSwiftPackageReference "ios_sdk" */ = {
			isa = XCRemoteSwiftPackageReference;
			repositoryURL = "https://github.com/adjust/ios_sdk.git";
			requirement = {
				branch = master;
				kind = branch;
			};
		};
/* End XCRemoteSwiftPackageReference section */

/* Begin XCSwiftPackageProductDependency section */
		D5ECB8E42EB52A50007A4F28 /* FingerprintPro */ = {
			isa = XCSwiftPackageProductDependency;
			package = D5ECB8E32EB52A50007A4F28 /* XCRemoteSwiftPackageReference "fingerprintjs-pro-ios" */;
			productName = FingerprintPro;
		};
		D5ECB8E72EB52AF3007A4F28 /* FirebaseAnalytics */ = {
			isa = XCSwiftPackageProductDependency;
			package = D5ECB8E62EB52AF3007A4F28 /* XCRemoteSwiftPackageReference "firebase-ios-sdk" */;
			productName = FirebaseAnalytics;
		};
		D5ECB8E92EB52AF3007A4F28 /* FirebaseRemoteConfig */ = {
			isa = XCSwiftPackageProductDependency;
			package = D5ECB8E62EB52AF3007A4F28 /* XCRemoteSwiftPackageReference "firebase-ios-sdk" */;
			productName = FirebaseRemoteConfig;
		};
		D5ECB8EC2EB52B67007A4F28 /* AdjustGoogleOdm */ = {
			isa = XCSwiftPackageProductDependency;
			package = D5ECB8EB2EB52B67007A4F28 /* XCRemoteSwiftPackageReference "ios_sdk" */;
			productName = AdjustGoogleOdm;
		};
		D5ECB8EE2EB52B67007A4F28 /* AdjustSdk */ = {
			isa = XCSwiftPackageProductDependency;
			package = D5ECB8EB2EB52B67007A4F28 /* XCRemoteSwiftPackageReference "ios_sdk" */;
			productName = AdjustSdk;
		};
		D5ECB8F02EB52B67007A4F28 /* AdjustWebBridge */ = {
			isa = XCSwiftPackageProductDependency;
			package = D5ECB8EB2EB52B67007A4F28 /* XCRemoteSwiftPackageReference "ios_sdk" */;
			productName = AdjustWebBridge;
		};
/* End XCSwiftPackageProductDependency section */
	};
	rootObject = D51D52342EB09B3B0004EB6D /* Project object */;
}
