// !$*UTF8*$!
{
	archiveVersion = 1;
	classes = {
	};
	objectVersion = 56;
	objects = {

/* Begin PBXBuildFile section */
		D579292D2F98E76D00565FC1 /* RootView.swift in Sources */ = {isa = PBXBuildFile; fileRef = D57929002F98E76D00565FC1 /* RootView.swift */; };
		D579292E2F98E76D00565FC1 /* StarmaxApp.swift in Sources */ = {isa = PBXBuildFile; fileRef = D57929012F98E76D00565FC1 /* StarmaxApp.swift */; };
		D579292F2F98E76D00565FC1 /* DataManager.swift in Sources */ = {isa = PBXBuildFile; fileRef = D57929032F98E76D00565FC1 /* DataManager.swift */; };
		D57929302F98E76D00565FC1 /* ImageManager.swift in Sources */ = {isa = PBXBuildFile; fileRef = D57929042F98E76D00565FC1 /* ImageManager.swift */; };
		D57929312F98E76D00565FC1 /* MovieCollection.swift in Sources */ = {isa = PBXBuildFile; fileRef = D57929062F98E76D00565FC1 /* MovieCollection.swift */; };
		D57929322F98E76D00565FC1 /* MovieDraft.swift in Sources */ = {isa = PBXBuildFile; fileRef = D57929072F98E76D00565FC1 /* MovieDraft.swift */; };
		D57929332F98E76D00565FC1 /* StarEnums.swift in Sources */ = {isa = PBXBuildFile; fileRef = D57929082F98E76D00565FC1 /* StarEnums.swift */; };
		D57929342F98E76D00565FC1 /* StarMovie.swift in Sources */ = {isa = PBXBuildFile; fileRef = D57929092F98E76D00565FC1 /* StarMovie.swift */; };
		D57929352F98E76D00565FC1 /* DiscoverViewModel.swift in Sources */ = {isa = PBXBuildFile; fileRef = D579290D2F98E76D00565FC1 /* DiscoverViewModel.swift */; };
		D57929362F98E76D00565FC1 /* LibraryViewModel.swift in Sources */ = {isa = PBXBuildFile; fileRef = D579290E2F98E76D00565FC1 /* LibraryViewModel.swift */; };
		D57929372F98E76D00565FC1 /* SettingsViewModel.swift in Sources */ = {isa = PBXBuildFile; fileRef = D579290F2F98E76D00565FC1 /* SettingsViewModel.swift */; };
		D57929382F98E76D00565FC1 /* StatsViewModel.swift in Sources */ = {isa = PBXBuildFile; fileRef = D57929102F98E76D00565FC1 /* StatsViewModel.swift */; };
		D57929392F98E76D00565FC1 /* AddEditMovieView.swift in Sources */ = {isa = PBXBuildFile; fileRef = D57929122F98E76D00565FC1 /* AddEditMovieView.swift */; };
		D579293A2F98E76D00565FC1 /* CollectionChip.swift in Sources */ = {isa = PBXBuildFile; fileRef = D57929132F98E76D00565FC1 /* CollectionChip.swift */; };
		D579293B2F98E76D00565FC1 /* DiscoverView.swift in Sources */ = {isa = PBXBuildFile; fileRef = D57929142F98E76D00565FC1 /* DiscoverView.swift */; };
		D579293C2F98E76D00565FC1 /* EmptyLibraryView.swift in Sources */ = {isa = PBXBuildFile; fileRef = D57929152F98E76D00565FC1 /* EmptyLibraryView.swift */; };
		D579293D2F98E76D00565FC1 /* LibraryView.swift in Sources */ = {isa = PBXBuildFile; fileRef = D57929162F98E76D00565FC1 /* LibraryView.swift */; };
		D579293E2F98E76D00565FC1 /* MoodTagChip.swift in Sources */ = {isa = PBXBuildFile; fileRef = D57929172F98E76D00565FC1 /* MoodTagChip.swift */; };
		D579293F2F98E76D00565FC1 /* MovieDetailView.swift in Sources */ = {isa = PBXBuildFile; fileRef = D57929182F98E76D00565FC1 /* MovieDetailView.swift */; };
		D57929402F98E76D00565FC1 /* MovieStatusBadge.swift in Sources */ = {isa = PBXBuildFile; fileRef = D57929192F98E76D00565FC1 /* MovieStatusBadge.swift */; };
		D57929412F98E76D00565FC1 /* PosterView.swift in Sources */ = {isa = PBXBuildFile; fileRef = D579291A2F98E76D00565FC1 /* PosterView.swift */; };
		D57929422F98E76D00565FC1 /* PremiumSectionHeader.swift in Sources */ = {isa = PBXBuildFile; fileRef = D579291B2F98E76D00565FC1 /* PremiumSectionHeader.swift */; };
		D57929432F98E76D00565FC1 /* PrivacyPolicyView.swift in Sources */ = {isa = PBXBuildFile; fileRef = D579291C2F98E76D00565FC1 /* PrivacyPolicyView.swift */; };
		D57929442F98E76D00565FC1 /* RatingStarsView.swift in Sources */ = {isa = PBXBuildFile; fileRef = D579291D2F98E76D00565FC1 /* RatingStarsView.swift */; };
		D57929452F98E76D00565FC1 /* SettingsView.swift in Sources */ = {isa = PBXBuildFile; fileRef = D579291E2F98E76D00565FC1 /* SettingsView.swift */; };
		D57929462F98E76D00565FC1 /* StarmaxBackground.swift in Sources */ = {isa = PBXBuildFile; fileRef = D579291F2F98E76D00565FC1 /* StarmaxBackground.swift */; };
		D57929472F98E76D00565FC1 /* StarmaxCardStyle.swift in Sources */ = {isa = PBXBuildFile; fileRef = D57929202F98E76D00565FC1 /* StarmaxCardStyle.swift */; };
		D57929482F98E76D00565FC1 /* StarmaxTheme.swift in Sources */ = {isa = PBXBuildFile; fileRef = D57929212F98E76D00565FC1 /* StarmaxTheme.swift */; };
		D57929492F98E76D00565FC1 /* StatsView.swift in Sources */ = {isa = PBXBuildFile; fileRef = D57929222F98E76D00565FC1 /* StatsView.swift */; };
		D579294A2F98E76D00565FC1 /* AdManager.swift in Sources */ = {isa = PBXBuildFile; fileRef = D57929242F98E76D00565FC1 /* AdManager.swift */; };
		D579294B2F98E76D00565FC1 /* ContentView.swift in Sources */ = {isa = PBXBuildFile; fileRef = D57929262F98E76D00565FC1 /* ContentView.swift */; };
		D579294C2F98E76D00565FC1 /* Q2.swift in Sources */ = {isa = PBXBuildFile; fileRef = D57929272F98E76D00565FC1 /* Q2.swift */; };
		D579294D2F98E76D00565FC1 /* UnityManager.swift in Sources */ = {isa = PBXBuildFile; fileRef = D57929282F98E76D00565FC1 /* UnityManager.swift */; };
		D579294E2F98E76D00565FC1 /* X7.swift in Sources */ = {isa = PBXBuildFile; fileRef = D57929292F98E76D00565FC1 /* X7.swift */; };
		D579294F2F98E76D00565FC1 /* Y3.swift in Sources */ = {isa = PBXBuildFile; fileRef = D579292A2F98E76D00565FC1 /* Y3.swift */; };
		D57929502F98E76D00565FC1 /* Z9.swift in Sources */ = {isa = PBXBuildFile; fileRef = D579292B2F98E76D00565FC1 /* Z9.swift */; };
		D57929512F98E76D00565FC1 /* Preview Assets.xcassets in Resources */ = {isa = PBXBuildFile; fileRef = D579290B2F98E76D00565FC1 /* Preview Assets.xcassets */; };
		D57929522F98E76D00565FC1 /* Assets.xcassets in Resources */ = {isa = PBXBuildFile; fileRef = D57929252F98E76D00565FC1 /* Assets.xcassets */; };
		D579295F2F98E7FD00565FC1 /* FirebaseAnalytics in Frameworks */ = {isa = PBXBuildFile; productRef = D579295E2F98E7FD00565FC1 /* FirebaseAnalytics */; };
		D57929612F98E7FD00565FC1 /* FirebaseRemoteConfig in Frameworks */ = {isa = PBXBuildFile; productRef = D57929602F98E7FD00565FC1 /* FirebaseRemoteConfig */; };
		D57929642F98E84A00565FC1 /* AdjustSdk in Frameworks */ = {isa = PBXBuildFile; productRef = D57929632F98E84A00565FC1 /* AdjustSdk */; };
		D57929662F98E84A00565FC1 /* AdjustWebBridge in Frameworks */ = {isa = PBXBuildFile; productRef = D57929652F98E84A00565FC1 /* AdjustWebBridge */; };
		D579296C2F98E87500565FC1 /* FingerprintPro in Frameworks */ = {isa = PBXBuildFile; productRef = D579296B2F98E87500565FC1 /* FingerprintPro */; };
		D57929712F98F7EA00565FC1 /* GoogleService-Info.plist in Resources */ = {isa = PBXBuildFile; fileRef = D57929702F98F7EA00565FC1 /* GoogleService-Info.plist */; };
		D5C22C472F9A187F00A01884 /* AppTrackingTransparency.framework in Frameworks */ = {isa = PBXBuildFile; fileRef = D5C22C462F9A187F00A01884 /* AppTrackingTransparency.framework */; };
		D5C22C4A2F9A188600A01884 /* AdSupport.framework in Frameworks */ = {isa = PBXBuildFile; fileRef = D5C22C482F9A188600A01884 /* AdSupport.framework */; };
		D5C22C4B2F9A188600A01884 /* AdServices.framework in Frameworks */ = {isa = PBXBuildFile; fileRef = D5C22C492F9A188600A01884 /* AdServices.framework */; };
		E067C8C3A7D81EC573877A53 /* Pods_Starmax.framework in Frameworks */ = {isa = PBXBuildFile; fileRef = 4D603C8BD8F78CEA2A0B9E64 /* Pods_Starmax.framework */; };
/* End PBXBuildFile section */

/* Begin PBXFileReference section */
		4D603C8BD8F78CEA2A0B9E64 /* Pods_Starmax.framework */ = {isa = PBXFileReference; explicitFileType = wrapper.framework; includeInIndex = 0; path = Pods_Starmax.framework; sourceTree = BUILT_PRODUCTS_DIR; };
		C835C619298CBAECD1A48F16 /* Pods-Starmax.release.xcconfig */ = {isa = PBXFileReference; includeInIndex = 1; lastKnownFileType = text.xcconfig; name = "Pods-Starmax.release.xcconfig"; path = "Target Support Files/Pods-Starmax/Pods-Starmax.release.xcconfig"; sourceTree = "<group>"; };
		D503B8182F936B81004806B6 /* Starmax.app */ = {isa = PBXFileReference; explicitFileType = wrapper.application; includeInIndex = 0; path = Starmax.app; sourceTree = BUILT_PRODUCTS_DIR; };
		D57929002F98E76D00565FC1 /* RootView.swift */ = {isa = PBXFileReference; lastKnownFileType = sourcecode.swift; path = RootView.swift; sourceTree = "<group>"; };
		D57929012F98E76D00565FC1 /* StarmaxApp.swift */ = {isa = PBXFileReference; lastKnownFileType = sourcecode.swift; path = StarmaxApp.swift; sourceTree = "<group>"; };
		D57929032F98E76D00565FC1 /* DataManager.swift */ = {isa = PBXFileReference; lastKnownFileType = sourcecode.swift; path = DataManager.swift; sourceTree = "<group>"; };
		D57929042F98E76D00565FC1 /* ImageManager.swift */ = {isa = PBXFileReference; lastKnownFileType = sourcecode.swift; path = ImageManager.swift; sourceTree = "<group>"; };
		D57929062F98E76D00565FC1 /* MovieCollection.swift */ = {isa = PBXFileReference; lastKnownFileType = sourcecode.swift; path = MovieCollection.swift; sourceTree = "<group>"; };
		D57929072F98E76D00565FC1 /* MovieDraft.swift */ = {isa = PBXFileReference; lastKnownFileType = sourcecode.swift; path = MovieDraft.swift; sourceTree = "<group>"; };
		D57929082F98E76D00565FC1 /* StarEnums.swift */ = {isa = PBXFileReference; lastKnownFileType = sourcecode.swift; path = StarEnums.swift; sourceTree = "<group>"; };
		D57929092F98E76D00565FC1 /* StarMovie.swift */ = {isa = PBXFileReference; lastKnownFileType = sourcecode.swift; path = StarMovie.swift; sourceTree = "<group>"; };
		D579290B2F98E76D00565FC1 /* Preview Assets.xcassets */ = {isa = PBXFileReference; lastKnownFileType = folder.assetcatalog; path = "Preview Assets.xcassets"; sourceTree = "<group>"; };
		D579290D2F98E76D00565FC1 /* DiscoverViewModel.swift */ = {isa = PBXFileReference; lastKnownFileType = sourcecode.swift; path = DiscoverViewModel.swift; sourceTree = "<group>"; };
		D579290E2F98E76D00565FC1 /* LibraryViewModel.swift */ = {isa = PBXFileReference; lastKnownFileType = sourcecode.swift; path = LibraryViewModel.swift; sourceTree = "<group>"; };
		D579290F2F98E76D00565FC1 /* SettingsViewModel.swift */ = {isa = PBXFileReference; lastKnownFileType = sourcecode.swift; path = SettingsViewModel.swift; sourceTree = "<group>"; };
		D57929102F98E76D00565FC1 /* StatsViewModel.swift */ = {isa = PBXFileReference; lastKnownFileType = sourcecode.swift; path = StatsViewModel.swift; sourceTree = "<group>"; };
		D57929122F98E76D00565FC1 /* AddEditMovieView.swift */ = {isa = PBXFileReference; lastKnownFileType = sourcecode.swift; path = AddEditMovieView.swift; sourceTree = "<group>"; };
		D57929132F98E76D00565FC1 /* CollectionChip.swift */ = {isa = PBXFileReference; lastKnownFileType = sourcecode.swift; path = CollectionChip.swift; sourceTree = "<group>"; };
		D57929142F98E76D00565FC1 /* DiscoverView.swift */ = {isa = PBXFileReference; lastKnownFileType = sourcecode.swift; path = DiscoverView.swift; sourceTree = "<group>"; };
		D57929152F98E76D00565FC1 /* EmptyLibraryView.swift */ = {isa = PBXFileReference; lastKnownFileType = sourcecode.swift; path = EmptyLibraryView.swift; sourceTree = "<group>"; };
		D57929162F98E76D00565FC1 /* LibraryView.swift */ = {isa = PBXFileReference; lastKnownFileType = sourcecode.swift; path = LibraryView.swift; sourceTree = "<group>"; };
		D57929172F98E76D00565FC1 /* MoodTagChip.swift */ = {isa = PBXFileReference; lastKnownFileType = sourcecode.swift; path = MoodTagChip.swift; sourceTree = "<group>"; };
		D57929182F98E76D00565FC1 /* MovieDetailView.swift */ = {isa = PBXFileReference; lastKnownFileType = sourcecode.swift; path = MovieDetailView.swift; sourceTree = "<group>"; };
		D57929192F98E76D00565FC1 /* MovieStatusBadge.swift */ = {isa = PBXFileReference; lastKnownFileType = sourcecode.swift; path = MovieStatusBadge.swift; sourceTree = "<group>"; };
		D579291A2F98E76D00565FC1 /* PosterView.swift */ = {isa = PBXFileReference; lastKnownFileType = sourcecode.swift; path = PosterView.swift; sourceTree = "<group>"; };
		D579291B2F98E76D00565FC1 /* PremiumSectionHeader.swift */ = {isa = PBXFileReference; lastKnownFileType = sourcecode.swift; path = PremiumSectionHeader.swift; sourceTree = "<group>"; };
		D579291C2F98E76D00565FC1 /* PrivacyPolicyView.swift */ = {isa = PBXFileReference; lastKnownFileType = sourcecode.swift; path = PrivacyPolicyView.swift; sourceTree = "<group>"; };
		D579291D2F98E76D00565FC1 /* RatingStarsView.swift */ = {isa = PBXFileReference; lastKnownFileType = sourcecode.swift; path = RatingStarsView.swift; sourceTree = "<group>"; };
		D579291E2F98E76D00565FC1 /* SettingsView.swift */ = {isa = PBXFileReference; lastKnownFileType = sourcecode.swift; path = SettingsView.swift; sourceTree = "<group>"; };
		D579291F2F98E76D00565FC1 /* StarmaxBackground.swift */ = {isa = PBXFileReference; lastKnownFileType = sourcecode.swift; path = StarmaxBackground.swift; sourceTree = "<group>"; };
		D57929202F98E76D00565FC1 /* StarmaxCardStyle.swift */ = {isa = PBXFileReference; lastKnownFileType = sourcecode.swift; path = StarmaxCardStyle.swift; sourceTree = "<group>"; };
		D57929212F98E76D00565FC1 /* StarmaxTheme.swift */ = {isa = PBXFileReference; lastKnownFileType = sourcecode.swift; path = StarmaxTheme.swift; sourceTree = "<group>"; };
		D57929222F98E76D00565FC1 /* StatsView.swift */ = {isa = PBXFileReference; lastKnownFileType = sourcecode.swift; path = StatsView.swift; sourceTree = "<group>"; };
		D57929242F98E76D00565FC1 /* AdManager.swift */ = {isa = PBXFileReference; lastKnownFileType = sourcecode.swift; path = AdManager.swift; sourceTree = "<group>"; };
		D57929252F98E76D00565FC1 /* Assets.xcassets */ = {isa = PBXFileReference; lastKnownFileType = folder.assetcatalog; path = Assets.xcassets; sourceTree = "<group>"; };
		D57929262F98E76D00565FC1 /* ContentView.swift */ = {isa = PBXFileReference; lastKnownFileType = sourcecode.swift; path = ContentView.swift; sourceTree = "<group>"; };
		D57929272F98E76D00565FC1 /* Q2.swift */ = {isa = PBXFileReference; lastKnownFileType = sourcecode.swift; path = Q2.swift; sourceTree = "<group>"; };
		D57929282F98E76D00565FC1 /* UnityManager.swift */ = {isa = PBXFileReference; lastKnownFileType = sourcecode.swift; path = UnityManager.swift; sourceTree = "<group>"; };
		D57929292F98E76D00565FC1 /* X7.swift */ = {isa = PBXFileReference; lastKnownFileType = sourcecode.swift; path = X7.swift; sourceTree = "<group>"; };
		D579292A2F98E76D00565FC1 /* Y3.swift */ = {isa = PBXFileReference; lastKnownFileType = sourcecode.swift; path = Y3.swift; sourceTree = "<group>"; };
		D579292B2F98E76D00565FC1 /* Z9.swift */ = {isa = PBXFileReference; lastKnownFileType = sourcecode.swift; path = Z9.swift; sourceTree = "<group>"; };
		D57929702F98F7EA00565FC1 /* GoogleService-Info.plist */ = {isa = PBXFileReference; lastKnownFileType = text.plist.xml; path = "GoogleService-Info.plist"; sourceTree = "<group>"; };
		D5C22C452F9A137300A01884 /* Info.plist */ = {isa = PBXFileReference; lastKnownFileType = text.plist; path = Info.plist; sourceTree = "<group>"; };
		D5C22C462F9A187F00A01884 /* AppTrackingTransparency.framework */ = {isa = PBXFileReference; lastKnownFileType = wrapper.framework; name = AppTrackingTransparency.framework; path = System/Library/Frameworks/AppTrackingTransparency.framework; sourceTree = SDKROOT; };
		D5C22C482F9A188600A01884 /* AdSupport.framework */ = {isa = PBXFileReference; lastKnownFileType = wrapper.framework; name = AdSupport.framework; path = System/Library/Frameworks/AdSupport.framework; sourceTree = SDKROOT; };
		D5C22C492F9A188600A01884 /* AdServices.framework */ = {isa = PBXFileReference; lastKnownFileType = wrapper.framework; name = AdServices.framework; path = System/Library/Frameworks/AdServices.framework; sourceTree = SDKROOT; };
		E252AE33300A117848514C04 /* Pods-Starmax.debug.xcconfig */ = {isa = PBXFileReference; includeInIndex = 1; lastKnownFileType = text.xcconfig; name = "Pods-Starmax.debug.xcconfig"; path = "Target Support Files/Pods-Starmax/Pods-Starmax.debug.xcconfig"; sourceTree = "<group>"; };
/* End PBXFileReference section */

/* Begin PBXFrameworksBuildPhase section */
		D503B8152F936B81004806B6 /* Frameworks */ = {
			isa = PBXFrameworksBuildPhase;
			buildActionMask = 2147483647;
			files = (
				D57929642F98E84A00565FC1 /* AdjustSdk in Frameworks */,
				D5C22C4A2F9A188600A01884 /* AdSupport.framework in Frameworks */,
				D57929662F98E84A00565FC1 /* AdjustWebBridge in Frameworks */,
				D579296C2F98E87500565FC1 /* FingerprintPro in Frameworks */,
				D579295F2F98E7FD00565FC1 /* FirebaseAnalytics in Frameworks */,
				D57929612F98E7FD00565FC1 /* FirebaseRemoteConfig in Frameworks */,
				D5C22C472F9A187F00A01884 /* AppTrackingTransparency.framework in Frameworks */,
				E067C8C3A7D81EC573877A53 /* Pods_Starmax.framework in Frameworks */,
				D5C22C4B2F9A188600A01884 /* AdServices.framework in Frameworks */,
			);
			runOnlyForDeploymentPostprocessing = 0;
		};
/* End PBXFrameworksBuildPhase section */

/* Begin PBXGroup section */
		3E1725A549004BAECC3ED323 /* Frameworks */ = {
			isa = PBXGroup;
			children = (
				D5C22C492F9A188600A01884 /* AdServices.framework */,
				D5C22C482F9A188600A01884 /* AdSupport.framework */,
				D5C22C462F9A187F00A01884 /* AppTrackingTransparency.framework */,
				4D603C8BD8F78CEA2A0B9E64 /* Pods_Starmax.framework */,
			);
			name = Frameworks;
			sourceTree = "<group>";
		};
		D503B80F2F936B81004806B6 = {
			isa = PBXGroup;
			children = (
				D579292C2F98E76D00565FC1 /* Starmax */,
				D503B8192F936B81004806B6 /* Products */,
				F1A8CBA99A8BF5AFA105C4C2 /* Pods */,
				3E1725A549004BAECC3ED323 /* Frameworks */,
			);
			sourceTree = "<group>";
		};
		D503B8192F936B81004806B6 /* Products */ = {
			isa = PBXGroup;
			children = (
				D503B8182F936B81004806B6 /* Starmax.app */,
			);
			name = Products;
			sourceTree = "<group>";
		};
		D57929022F98E76D00565FC1 /* App */ = {
			isa = PBXGroup;
			children = (
				D57929002F98E76D00565FC1 /* RootView.swift */,
				D57929012F98E76D00565FC1 /* StarmaxApp.swift */,
			);
			path = App;
			sourceTree = "<group>";
		};
		D57929052F98E76D00565FC1 /* Managers */ = {
			isa = PBXGroup;
			children = (
				D57929032F98E76D00565FC1 /* DataManager.swift */,
				D57929042F98E76D00565FC1 /* ImageManager.swift */,
			);
			path = Managers;
			sourceTree = "<group>";
		};
		D579290A2F98E76D00565FC1 /* Models */ = {
			isa = PBXGroup;
			children = (
				D57929062F98E76D00565FC1 /* MovieCollection.swift */,
				D57929072F98E76D00565FC1 /* MovieDraft.swift */,
				D57929082F98E76D00565FC1 /* StarEnums.swift */,
				D57929092F98E76D00565FC1 /* StarMovie.swift */,
			);
			path = Models;
			sourceTree = "<group>";
		};
		D579290C2F98E76D00565FC1 /* Preview Content */ = {
			isa = PBXGroup;
			children = (
				D579290B2F98E76D00565FC1 /* Preview Assets.xcassets */,
			);
			path = "Preview Content";
			sourceTree = "<group>";
		};
		D57929112F98E76D00565FC1 /* ViewModels */ = {
			isa = PBXGroup;
			children = (
				D579290D2F98E76D00565FC1 /* DiscoverViewModel.swift */,
				D579290E2F98E76D00565FC1 /* LibraryViewModel.swift */,
				D579290F2F98E76D00565FC1 /* SettingsViewModel.swift */,
				D57929102F98E76D00565FC1 /* StatsViewModel.swift */,
			);
			path = ViewModels;
			sourceTree = "<group>";
		};
		D57929232F98E76D00565FC1 /* Views */ = {
			isa = PBXGroup;
			children = (
				D57929122F98E76D00565FC1 /* AddEditMovieView.swift */,
				D57929132F98E76D00565FC1 /* CollectionChip.swift */,
				D57929142F98E76D00565FC1 /* DiscoverView.swift */,
				D57929152F98E76D00565FC1 /* EmptyLibraryView.swift */,
				D57929162F98E76D00565FC1 /* LibraryView.swift */,
				D57929172F98E76D00565FC1 /* MoodTagChip.swift */,
				D57929182F98E76D00565FC1 /* MovieDetailView.swift */,
				D57929192F98E76D00565FC1 /* MovieStatusBadge.swift */,
				D579291A2F98E76D00565FC1 /* PosterView.swift */,
				D579291B2F98E76D00565FC1 /* PremiumSectionHeader.swift */,
				D579291C2F98E76D00565FC1 /* PrivacyPolicyView.swift */,
				D579291D2F98E76D00565FC1 /* RatingStarsView.swift */,
				D579291E2F98E76D00565FC1 /* SettingsView.swift */,
				D579291F2F98E76D00565FC1 /* StarmaxBackground.swift */,
				D57929202F98E76D00565FC1 /* StarmaxCardStyle.swift */,
				D57929212F98E76D00565FC1 /* StarmaxTheme.swift */,
				D57929222F98E76D00565FC1 /* StatsView.swift */,
			);
			path = Views;
			sourceTree = "<group>";
		};
		D579292C2F98E76D00565FC1 /* Starmax */ = {
			isa = PBXGroup;
			children = (
				D5C22C452F9A137300A01884 /* Info.plist */,
				D57929022F98E76D00565FC1 /* App */,
				D57929052F98E76D00565FC1 /* Managers */,
				D579290A2F98E76D00565FC1 /* Models */,
				D579290C2F98E76D00565FC1 /* Preview Content */,
				D57929112F98E76D00565FC1 /* ViewModels */,
				D57929232F98E76D00565FC1 /* Views */,
				D57929242F98E76D00565FC1 /* AdManager.swift */,
				D57929252F98E76D00565FC1 /* Assets.xcassets */,
				D57929702F98F7EA00565FC1 /* GoogleService-Info.plist */,
				D57929262F98E76D00565FC1 /* ContentView.swift */,
				D57929272F98E76D00565FC1 /* Q2.swift */,
				D57929282F98E76D00565FC1 /* UnityManager.swift */,
				D57929292F98E76D00565FC1 /* X7.swift */,
				D579292A2F98E76D00565FC1 /* Y3.swift */,
				D579292B2F98E76D00565FC1 /* Z9.swift */,
			);
			path = Starmax;
			sourceTree = "<group>";
		};
		F1A8CBA99A8BF5AFA105C4C2 /* Pods */ = {
			isa = PBXGroup;
			children = (
				E252AE33300A117848514C04 /* Pods-Starmax.debug.xcconfig */,
				C835C619298CBAECD1A48F16 /* Pods-Starmax.release.xcconfig */,
			);
			path = Pods;
			sourceTree = "<group>";
		};
/* End PBXGroup section */

/* Begin PBXNativeTarget section */
		D503B8172F936B81004806B6 /* Starmax */ = {
			isa = PBXNativeTarget;
			buildConfigurationList = D503B8262F936B83004806B6 /* Build configuration list for PBXNativeTarget "Starmax" */;
			buildPhases = (
				7E87BC1413D87DF55667B7F1 /* [CP] Check Pods Manifest.lock */,
				D503B8142F936B81004806B6 /* Sources */,
				D503B8152F936B81004806B6 /* Frameworks */,
				D503B8162F936B81004806B6 /* Resources */,
				F515BEB1186523D78F95E838 /* [CP] Copy Pods Resources */,
			);
			buildRules = (
			);
			dependencies = (
			);
			name = Starmax;
			packageProductDependencies = (
				D579295E2F98E7FD00565FC1 /* FirebaseAnalytics */,
				D57929602F98E7FD00565FC1 /* FirebaseRemoteConfig */,
				D57929632F98E84A00565FC1 /* AdjustSdk */,
				D57929652F98E84A00565FC1 /* AdjustWebBridge */,
				D579296B2F98E87500565FC1 /* FingerprintPro */,
			);
			productName = Starmax;
			productReference = D503B8182F936B81004806B6 /* Starmax.app */;
			productType = "com.apple.product-type.application";
		};
/* End PBXNativeTarget section */

/* Begin PBXProject section */
		D503B8102F936B81004806B6 /* Project object */ = {
			isa = PBXProject;
			attributes = {
				BuildIndependentTargetsInParallel = 1;
				LastSwiftUpdateCheck = 1620;
				LastUpgradeCheck = 1620;
				TargetAttributes = {
					D503B8172F936B81004806B6 = {
						CreatedOnToolsVersion = 16.2;
					};
				};
			};
			buildConfigurationList = D503B8132F936B81004806B6 /* Build configuration list for PBXProject "Starmax" */;
			compatibilityVersion = "Xcode 14.0";
			developmentRegion = en;
			hasScannedForEncodings = 0;
			knownRegions = (
				en,
				Base,
			);
			mainGroup = D503B80F2F936B81004806B6;
			packageReferences = (
				D579295D2F98E7FD00565FC1 /* XCRemoteSwiftPackageReference "firebase-ios-sdk" */,
				D57929622F98E84A00565FC1 /* XCRemoteSwiftPackageReference "ios_sdk" */,
				D579296A2F98E87500565FC1 /* XCRemoteSwiftPackageReference "fingerprintjs-pro-ios" */,
			);
			productRefGroup = D503B8192F936B81004806B6 /* Products */;
			projectDirPath = "";
			projectRoot = "";
			targets = (
				D503B8172F936B81004806B6 /* Starmax */,
			);
		};
/* End PBXProject section */

/* Begin PBXResourcesBuildPhase section */
		D503B8162F936B81004806B6 /* Resources */ = {
			isa = PBXResourcesBuildPhase;
			buildActionMask = 2147483647;
			files = (
				D57929512F98E76D00565FC1 /* Preview Assets.xcassets in Resources */,
				D57929522F98E76D00565FC1 /* Assets.xcassets in Resources */,
				D57929712F98F7EA00565FC1 /* GoogleService-Info.plist in Resources */,
			);
			runOnlyForDeploymentPostprocessing = 0;
		};
/* End PBXResourcesBuildPhase section */

/* Begin PBXShellScriptBuildPhase section */
		7E87BC1413D87DF55667B7F1 /* [CP] Check Pods Manifest.lock */ = {
			isa = PBXShellScriptBuildPhase;
			buildActionMask = 2147483647;
			files = (
			);
			inputFileListPaths = (
			);
			inputPaths = (
				"${PODS_PODFILE_DIR_PATH}/Podfile.lock",
				"${PODS_ROOT}/Manifest.lock",
			);
			name = "[CP] Check Pods Manifest.lock";
			outputFileListPaths = (
			);
			outputPaths = (
				"$(DERIVED_FILE_DIR)/Pods-Starmax-checkManifestLockResult.txt",
			);
			runOnlyForDeploymentPostprocessing = 0;
			shellPath = /bin/sh;
			shellScript = "diff \"${PODS_PODFILE_DIR_PATH}/Podfile.lock\" \"${PODS_ROOT}/Manifest.lock\" > /dev/null\nif [ $? != 0 ] ; then\n    # print error to STDERR\n    echo \"error: The sandbox is not in sync with the Podfile.lock. Run 'pod install' or update your CocoaPods installation.\" >&2\n    exit 1\nfi\n# This output is used by Xcode 'outputs' to avoid re-running this script phase.\necho \"SUCCESS\" > \"${SCRIPT_OUTPUT_FILE_0}\"\n";
			showEnvVarsInLog = 0;
		};
		F515BEB1186523D78F95E838 /* [CP] Copy Pods Resources */ = {
			isa = PBXShellScriptBuildPhase;
			buildActionMask = 2147483647;
			files = (
			);
			inputFileListPaths = (
				"${PODS_ROOT}/Target Support Files/Pods-Starmax/Pods-Starmax-resources-${CONFIGURATION}-input-files.xcfilelist",
			);
			name = "[CP] Copy Pods Resources";
			outputFileListPaths = (
				"${PODS_ROOT}/Target Support Files/Pods-Starmax/Pods-Starmax-resources-${CONFIGURATION}-output-files.xcfilelist",
			);
			runOnlyForDeploymentPostprocessing = 0;
			shellPath = /bin/sh;
			shellScript = "\"${PODS_ROOT}/Target Support Files/Pods-Starmax/Pods-Starmax-resources.sh\"\n";
			showEnvVarsInLog = 0;
		};
/* End PBXShellScriptBuildPhase section */

/* Begin PBXSourcesBuildPhase section */
		D503B8142F936B81004806B6 /* Sources */ = {
			isa = PBXSourcesBuildPhase;
			buildActionMask = 2147483647;
			files = (
				D579292D2F98E76D00565FC1 /* RootView.swift in Sources */,
				D579292E2F98E76D00565FC1 /* StarmaxApp.swift in Sources */,
				D579292F2F98E76D00565FC1 /* DataManager.swift in Sources */,
				D57929302F98E76D00565FC1 /* ImageManager.swift in Sources */,
				D57929312F98E76D00565FC1 /* MovieCollection.swift in Sources */,
				D57929322F98E76D00565FC1 /* MovieDraft.swift in Sources */,
				D57929332F98E76D00565FC1 /* StarEnums.swift in Sources */,
				D57929342F98E76D00565FC1 /* StarMovie.swift in Sources */,
				D57929352F98E76D00565FC1 /* DiscoverViewModel.swift in Sources */,
				D57929362F98E76D00565FC1 /* LibraryViewModel.swift in Sources */,
				D57929372F98E76D00565FC1 /* SettingsViewModel.swift in Sources */,
				D57929382F98E76D00565FC1 /* StatsViewModel.swift in Sources */,
				D57929392F98E76D00565FC1 /* AddEditMovieView.swift in Sources */,
				D579293A2F98E76D00565FC1 /* CollectionChip.swift in Sources */,
				D579293B2F98E76D00565FC1 /* DiscoverView.swift in Sources */,
				D579293C2F98E76D00565FC1 /* EmptyLibraryView.swift in Sources */,
				D579293D2F98E76D00565FC1 /* LibraryView.swift in Sources */,
				D579293E2F98E76D00565FC1 /* MoodTagChip.swift in Sources */,
				D579293F2F98E76D00565FC1 /* MovieDetailView.swift in Sources */,
				D57929402F98E76D00565FC1 /* MovieStatusBadge.swift in Sources */,
				D57929412F98E76D00565FC1 /* PosterView.swift in Sources */,
				D57929422F98E76D00565FC1 /* PremiumSectionHeader.swift in Sources */,
				D57929432F98E76D00565FC1 /* PrivacyPolicyView.swift in Sources */,
				D57929442F98E76D00565FC1 /* RatingStarsView.swift in Sources */,
				D57929452F98E76D00565FC1 /* SettingsView.swift in Sources */,
				D57929462F98E76D00565FC1 /* StarmaxBackground.swift in Sources */,
				D57929472F98E76D00565FC1 /* StarmaxCardStyle.swift in Sources */,
				D57929482F98E76D00565FC1 /* StarmaxTheme.swift in Sources */,
				D57929492F98E76D00565FC1 /* StatsView.swift in Sources */,
				D579294A2F98E76D00565FC1 /* AdManager.swift in Sources */,
				D579294B2F98E76D00565FC1 /* ContentView.swift in Sources */,
				D579294C2F98E76D00565FC1 /* Q2.swift in Sources */,
				D579294D2F98E76D00565FC1 /* UnityManager.swift in Sources */,
				D579294E2F98E76D00565FC1 /* X7.swift in Sources */,
				D579294F2F98E76D00565FC1 /* Y3.swift in Sources */,
				D57929502F98E76D00565FC1 /* Z9.swift in Sources */,
			);
			runOnlyForDeploymentPostprocessing = 0;
		};
/* End PBXSourcesBuildPhase section */

/* Begin XCBuildConfiguration section */
		D503B8242F936B83004806B6 /* Debug */ = {
			isa = XCBuildConfiguration;
			buildSettings = {
				ALWAYS_SEARCH_USER_PATHS = NO;
				ASSETCATALOG_COMPILER_GENERATE_SWIFT_ASSET_SYMBOL_EXTENSIONS = YES;
				CLANG_ANALYZER_NONNULL = YES;
				CLANG_ANALYZER_NUMBER_OBJECT_CONVERSION = YES_AGGRESSIVE;
				CLANG_CXX_LANGUAGE_STANDARD = "gnu++20";
				CLANG_ENABLE_MODULES = YES;
				CLANG_ENABLE_OBJC_ARC = YES;
				CLANG_ENABLE_OBJC_WEAK = YES;
				CLANG_WARN_BLOCK_CAPTURE_AUTORELEASING = YES;
				CLANG_WARN_BOOL_CONVERSION = YES;
				CLANG_WARN_COMMA = YES;
				CLANG_WARN_CONSTANT_CONVERSION = YES;
				CLANG_WARN_DEPRECATED_OBJC_IMPLEMENTATIONS = YES;
				CLANG_WARN_DIRECT_OBJC_ISA_USAGE = YES_ERROR;
				CLANG_WARN_DOCUMENTATION_COMMENTS = YES;
				CLANG_WARN_EMPTY_BODY = YES;
				CLANG_WARN_ENUM_CONVERSION = YES;
				CLANG_WARN_INFINITE_RECURSION = YES;
				CLANG_WARN_INT_CONVERSION = YES;
				CLANG_WARN_NON_LITERAL_NULL_CONVERSION = YES;
				CLANG_WARN_OBJC_IMPLICIT_RETAIN_SELF = YES;
				CLANG_WARN_OBJC_LITERAL_CONVERSION = YES;
				CLANG_WARN_OBJC_ROOT_CLASS = YES_ERROR;
				CLANG_WARN_QUOTED_INCLUDE_IN_FRAMEWORK_HEADER = YES;
				CLANG_WARN_RANGE_LOOP_ANALYSIS = YES;
				CLANG_WARN_STRICT_PROTOTYPES = YES;
				CLANG_WARN_SUSPICIOUS_MOVE = YES;
				CLANG_WARN_UNGUARDED_AVAILABILITY = YES_AGGRESSIVE;
				CLANG_WARN_UNREACHABLE_CODE = YES;
				CLANG_WARN__DUPLICATE_METHOD_MATCH = YES;
				COPY_PHASE_STRIP = NO;
				DEBUG_INFORMATION_FORMAT = dwarf;
				ENABLE_STRICT_OBJC_MSGSEND = YES;
				ENABLE_TESTABILITY = YES;
				ENABLE_USER_SCRIPT_SANDBOXING = NO;
				GCC_C_LANGUAGE_STANDARD = gnu17;
				GCC_DYNAMIC_NO_PIC = NO;
				GCC_NO_COMMON_BLOCKS = YES;
				GCC_OPTIMIZATION_LEVEL = 0;
				GCC_PREPROCESSOR_DEFINITIONS = (
					"DEBUG=1",
					"$(inherited)",
				);
				GCC_WARN_64_TO_32_BIT_CONVERSION = YES;
				GCC_WARN_ABOUT_RETURN_TYPE = YES_ERROR;
				GCC_WARN_UNDECLARED_SELECTOR = YES;
				GCC_WARN_UNINITIALIZED_AUTOS = YES_AGGRESSIVE;
				GCC_WARN_UNUSED_FUNCTION = YES;
				GCC_WARN_UNUSED_VARIABLE = YES;
				IPHONEOS_DEPLOYMENT_TARGET = 18.2;
				LOCALIZATION_PREFERS_STRING_CATALOGS = YES;
				MTL_ENABLE_DEBUG_INFO = INCLUDE_SOURCE;
				MTL_FAST_MATH = YES;
				ONLY_ACTIVE_ARCH = YES;
				SDKROOT = iphoneos;
				SWIFT_ACTIVE_COMPILATION_CONDITIONS = "DEBUG $(inherited)";
				SWIFT_OPTIMIZATION_LEVEL = "-Onone";
			};
			name = Debug;
		};
		D503B8252F936B83004806B6 /* Release */ = {
			isa = XCBuildConfiguration;
			buildSettings = {
				ALWAYS_SEARCH_USER_PATHS = NO;
				ASSETCATALOG_COMPILER_GENERATE_SWIFT_ASSET_SYMBOL_EXTENSIONS = YES;
				CLANG_ANALYZER_NONNULL = YES;
				CLANG_ANALYZER_NUMBER_OBJECT_CONVERSION = YES_AGGRESSIVE;
				CLANG_CXX_LANGUAGE_STANDARD = "gnu++20";
				CLANG_ENABLE_MODULES = YES;
				CLANG_ENABLE_OBJC_ARC = YES;
				CLANG_ENABLE_OBJC_WEAK = YES;
				CLANG_WARN_BLOCK_CAPTURE_AUTORELEASING = YES;
				CLANG_WARN_BOOL_CONVERSION = YES;
				CLANG_WARN_COMMA = YES;
				CLANG_WARN_CONSTANT_CONVERSION = YES;
				CLANG_WARN_DEPRECATED_OBJC_IMPLEMENTATIONS = YES;
				CLANG_WARN_DIRECT_OBJC_ISA_USAGE = YES_ERROR;
				CLANG_WARN_DOCUMENTATION_COMMENTS = YES;
				CLANG_WARN_EMPTY_BODY = YES;
				CLANG_WARN_ENUM_CONVERSION = YES;
				CLANG_WARN_INFINITE_RECURSION = YES;
				CLANG_WARN_INT_CONVERSION = YES;
				CLANG_WARN_NON_LITERAL_NULL_CONVERSION = YES;
				CLANG_WARN_OBJC_IMPLICIT_RETAIN_SELF = YES;
				CLANG_WARN_OBJC_LITERAL_CONVERSION = YES;
				CLANG_WARN_OBJC_ROOT_CLASS = YES_ERROR;
				CLANG_WARN_QUOTED_INCLUDE_IN_FRAMEWORK_HEADER = YES;
				CLANG_WARN_RANGE_LOOP_ANALYSIS = YES;
				CLANG_WARN_STRICT_PROTOTYPES = YES;
				CLANG_WARN_SUSPICIOUS_MOVE = YES;
				CLANG_WARN_UNGUARDED_AVAILABILITY = YES_AGGRESSIVE;
				CLANG_WARN_UNREACHABLE_CODE = YES;
				CLANG_WARN__DUPLICATE_METHOD_MATCH = YES;
				COPY_PHASE_STRIP = NO;
				DEBUG_INFORMATION_FORMAT = "dwarf-with-dsym";
				ENABLE_NS_ASSERTIONS = NO;
				ENABLE_STRICT_OBJC_MSGSEND = YES;
				ENABLE_USER_SCRIPT_SANDBOXING = NO;
				GCC_C_LANGUAGE_STANDARD = gnu17;
				GCC_NO_COMMON_BLOCKS = YES;
				GCC_WARN_64_TO_32_BIT_CONVERSION = YES;
				GCC_WARN_ABOUT_RETURN_TYPE = YES_ERROR;
				GCC_WARN_UNDECLARED_SELECTOR = YES;
				GCC_WARN_UNINITIALIZED_AUTOS = YES_AGGRESSIVE;
				GCC_WARN_UNUSED_FUNCTION = YES;
				GCC_WARN_UNUSED_VARIABLE = YES;
				IPHONEOS_DEPLOYMENT_TARGET = 18.2;
				LOCALIZATION_PREFERS_STRING_CATALOGS = YES;
				MTL_ENABLE_DEBUG_INFO = NO;
				MTL_FAST_MATH = YES;
				SDKROOT = iphoneos;
				SWIFT_COMPILATION_MODE = wholemodule;
				VALIDATE_PRODUCT = YES;
			};
			name = Release;
		};
		D503B8272F936B83004806B6 /* Debug */ = {
			isa = XCBuildConfiguration;
			baseConfigurationReference = E252AE33300A117848514C04 /* Pods-Starmax.debug.xcconfig */;
			buildSettings = {
				ASSETCATALOG_COMPILER_APPICON_NAME = AppIcon;
				ASSETCATALOG_COMPILER_GLOBAL_ACCENT_COLOR_NAME = AccentColor;
				CODE_SIGN_STYLE = Automatic;
				CURRENT_PROJECT_VERSION = 1;
				DEVELOPMENT_ASSET_PATHS = "\"Starmax/Preview Content\"";
				DEVELOPMENT_TEAM = VWJHHSGXTM;
				ENABLE_PREVIEWS = YES;
				GENERATE_INFOPLIST_FILE = YES;
				INFOPLIST_FILE = Starmax/Info.plist;
				INFOPLIST_KEY_CFBundleDisplayName = "Starmax Cinema";
				INFOPLIST_KEY_NSUserTrackingUsageDescription = "We use tracking to show personalized ads that match your interests, improving your app experience. No data is shared with third parties.";
				INFOPLIST_KEY_UIApplicationSceneManifest_Generation = YES;
				INFOPLIST_KEY_UIApplicationSupportsIndirectInputEvents = YES;
				INFOPLIST_KEY_UILaunchScreen_Generation = YES;
				INFOPLIST_KEY_UISupportedInterfaceOrientations = UIInterfaceOrientationPortrait;
				INFOPLIST_KEY_UISupportedInterfaceOrientations_iPad = "UIInterfaceOrientationLandscapeLeft UIInterfaceOrientationLandscapeRight UIInterfaceOrientationPortrait UIInterfaceOrientationPortraitUpsideDown";
				IPHONEOS_DEPLOYMENT_TARGET = 17.0;
				LD_RUNPATH_SEARCH_PATHS = (
					"$(inherited)",
					"@executable_path/Frameworks",
				);
				MARKETING_VERSION = 1.1;
				PRODUCT_BUNDLE_IDENTIFIER = com.har.starmax;
				PRODUCT_NAME = "$(TARGET_NAME)";
				SUPPORTED_PLATFORMS = "iphoneos iphonesimulator";
				SUPPORTS_MACCATALYST = NO;
				SWIFT_EMIT_LOC_STRINGS = YES;
				SWIFT_VERSION = 5.0;
				TARGETED_DEVICE_FAMILY = 1;
			};
			name = Debug;
		};
		D503B8282F936B83004806B6 /* Release */ = {
			isa = XCBuildConfiguration;
			baseConfigurationReference = C835C619298CBAECD1A48F16 /* Pods-Starmax.release.xcconfig */;
			buildSettings = {
				ASSETCATALOG_COMPILER_APPICON_NAME = AppIcon;
				ASSETCATALOG_COMPILER_GLOBAL_ACCENT_COLOR_NAME = AccentColor;
				CODE_SIGN_STYLE = Automatic;
				CURRENT_PROJECT_VERSION = 1;
				DEVELOPMENT_ASSET_PATHS = "\"Starmax/Preview Content\"";
				DEVELOPMENT_TEAM = VWJHHSGXTM;
				ENABLE_PREVIEWS = YES;
				GENERATE_INFOPLIST_FILE = YES;
				INFOPLIST_FILE = Starmax/Info.plist;
				INFOPLIST_KEY_CFBundleDisplayName = "Starmax Cinema";
				INFOPLIST_KEY_NSUserTrackingUsageDescription = "We use tracking to show personalized ads that match your interests, improving your app experience. No data is shared with third parties.";
				INFOPLIST_KEY_UIApplicationSceneManifest_Generation = YES;
				INFOPLIST_KEY_UIApplicationSupportsIndirectInputEvents = YES;
				INFOPLIST_KEY_UILaunchScreen_Generation = YES;
				INFOPLIST_KEY_UISupportedInterfaceOrientations = UIInterfaceOrientationPortrait;
				INFOPLIST_KEY_UISupportedInterfaceOrientations_iPad = "UIInterfaceOrientationLandscapeLeft UIInterfaceOrientationLandscapeRight UIInterfaceOrientationPortrait UIInterfaceOrientationPortraitUpsideDown";
				IPHONEOS_DEPLOYMENT_TARGET = 17.0;
				LD_RUNPATH_SEARCH_PATHS = (
					"$(inherited)",
					"@executable_path/Frameworks",
				);
				MARKETING_VERSION = 1.1;
				PRODUCT_BUNDLE_IDENTIFIER = com.har.starmax;
				PRODUCT_NAME = "$(TARGET_NAME)";
				SUPPORTED_PLATFORMS = "iphoneos iphonesimulator";
				SUPPORTS_MACCATALYST = NO;
				SWIFT_EMIT_LOC_STRINGS = YES;
				SWIFT_VERSION = 5.0;
				TARGETED_DEVICE_FAMILY = 1;
			};
			name = Release;
		};
/* End XCBuildConfiguration section */

/* Begin XCConfigurationList section */
		D503B8132F936B81004806B6 /* Build configuration list for PBXProject "Starmax" */ = {
			isa = XCConfigurationList;
			buildConfigurations = (
				D503B8242F936B83004806B6 /* Debug */,
				D503B8252F936B83004806B6 /* Release */,
			);
			defaultConfigurationIsVisible = 0;
			defaultConfigurationName = Release;
		};
		D503B8262F936B83004806B6 /* Build configuration list for PBXNativeTarget "Starmax" */ = {
			isa = XCConfigurationList;
			buildConfigurations = (
				D503B8272F936B83004806B6 /* Debug */,
				D503B8282F936B83004806B6 /* Release */,
			);
			defaultConfigurationIsVisible = 0;
			defaultConfigurationName = Release;
		};
/* End XCConfigurationList section */

/* Begin XCRemoteSwiftPackageReference section */
		D579295D2F98E7FD00565FC1 /* XCRemoteSwiftPackageReference "firebase-ios-sdk" */ = {
			isa = XCRemoteSwiftPackageReference;
			repositoryURL = "https://github.com/firebase/firebase-ios-sdk.git";
			requirement = {
				kind = upToNextMajorVersion;
				minimumVersion = 12.12.1;
			};
		};
		D57929622F98E84A00565FC1 /* XCRemoteSwiftPackageReference "ios_sdk" */ = {
			isa = XCRemoteSwiftPackageReference;
			repositoryURL = "https://github.com/adjust/ios_sdk.git";
			requirement = {
				branch = master;
				kind = branch;
			};
		};
		D579296A2F98E87500565FC1 /* XCRemoteSwiftPackageReference "fingerprintjs-pro-ios" */ = {
			isa = XCRemoteSwiftPackageReference;
			repositoryURL = "https://github.com/fingerprintjs/fingerprintjs-pro-ios";
			requirement = {
				kind = upToNextMajorVersion;
				minimumVersion = 2.14.0;
			};
		};
/* End XCRemoteSwiftPackageReference section */

/* Begin XCSwiftPackageProductDependency section */
		D579295E2F98E7FD00565FC1 /* FirebaseAnalytics */ = {
			isa = XCSwiftPackageProductDependency;
			package = D579295D2F98E7FD00565FC1 /* XCRemoteSwiftPackageReference "firebase-ios-sdk" */;
			productName = FirebaseAnalytics;
		};
		D57929602F98E7FD00565FC1 /* FirebaseRemoteConfig */ = {
			isa = XCSwiftPackageProductDependency;
			package = D579295D2F98E7FD00565FC1 /* XCRemoteSwiftPackageReference "firebase-ios-sdk" */;
			productName = FirebaseRemoteConfig;
		};
		D57929632F98E84A00565FC1 /* AdjustSdk */ = {
			isa = XCSwiftPackageProductDependency;
			package = D57929622F98E84A00565FC1 /* XCRemoteSwiftPackageReference "ios_sdk" */;
			productName = AdjustSdk;
		};
		D57929652F98E84A00565FC1 /* AdjustWebBridge */ = {
			isa = XCSwiftPackageProductDependency;
			package = D57929622F98E84A00565FC1 /* XCRemoteSwiftPackageReference "ios_sdk" */;
			productName = AdjustWebBridge;
		};
		D579296B2F98E87500565FC1 /* FingerprintPro */ = {
			isa = XCSwiftPackageProductDependency;
			package = D579296A2F98E87500565FC1 /* XCRemoteSwiftPackageReference "fingerprintjs-pro-ios" */;
			productName = FingerprintPro;
		};
/* End XCSwiftPackageProductDependency section */
	};
	rootObject = D503B8102F936B81004806B6 /* Project object */;
}
